{
  "version": "2",
  "remote": {
    "https://deno.land/std@0.140.0/_util/assert.ts": "e94f2eb37cebd7f199952e242c77654e43333c1ac4c5c700e929ea3aa5489f74",
    "https://deno.land/std@0.140.0/_util/os.ts": "3b4c6e27febd119d36a416d7a97bd3b0251b77c88942c8f16ee5953ea13e2e49",
    "https://deno.land/std@0.140.0/bytes/bytes_list.ts": "67eb118e0b7891d2f389dad4add35856f4ad5faab46318ff99653456c23b025d",
    "https://deno.land/std@0.140.0/bytes/equals.ts": "fc16dff2090cced02497f16483de123dfa91e591029f985029193dfaa9d894c9",
    "https://deno.land/std@0.140.0/bytes/mod.ts": "763f97d33051cc3f28af1a688dfe2830841192a9fea0cbaa55f927b49d49d0bf",
    "https://deno.land/std@0.140.0/fmt/colors.ts": "30455035d6d728394781c10755351742dd731e3db6771b1843f9b9e490104d37",
    "https://deno.land/std@0.140.0/fs/_util.ts": "0fb24eb4bfebc2c194fb1afdb42b9c3dda12e368f43e8f2321f84fc77d42cb0f",
    "https://deno.land/std@0.140.0/fs/ensure_dir.ts": "9dc109c27df4098b9fc12d949612ae5c9c7169507660dcf9ad90631833209d9d",
    "https://deno.land/std@0.140.0/hash/sha256.ts": "803846c7a5a8a5a97f31defeb37d72f519086c880837129934f5d6f72102a8e8",
    "https://deno.land/std@0.140.0/io/buffer.ts": "bd0c4bf53db4b4be916ca5963e454bddfd3fcd45039041ea161dbf826817822b",
    "https://deno.land/std@0.140.0/io/types.d.ts": "01f60ae7ec02675b5dbed150d258fc184a78dfe5c209ef53ba4422b46b58822c",
    "https://deno.land/std@0.140.0/path/_constants.ts": "df1db3ffa6dd6d1252cc9617e5d72165cd2483df90e93833e13580687b6083c3",
    "https://deno.land/std@0.140.0/path/_interface.ts": "ee3b431a336b80cf445441109d089b70d87d5e248f4f90ff906820889ecf8d09",
    "https://deno.land/std@0.140.0/path/_util.ts": "c1e9686d0164e29f7d880b2158971d805b6e0efc3110d0b3e24e4b8af2190d2b",
    "https://deno.land/std@0.140.0/path/common.ts": "bee563630abd2d97f99d83c96c2fa0cca7cee103e8cb4e7699ec4d5db7bd2633",
    "https://deno.land/std@0.140.0/path/glob.ts": "cb5255638de1048973c3e69e420c77dc04f75755524cb3b2e160fe9277d939ee",
    "https://deno.land/std@0.140.0/path/mod.ts": "d3e68d0abb393fb0bf94a6d07c46ec31dc755b544b13144dee931d8d5f06a52d",
    "https://deno.land/std@0.140.0/path/posix.ts": "293cdaec3ecccec0a9cc2b534302dfe308adb6f10861fa183275d6695faace44",
    "https://deno.land/std@0.140.0/path/separator.ts": "fe1816cb765a8068afb3e8f13ad272351c85cbc739af56dacfc7d93d710fe0f9",
    "https://deno.land/std@0.140.0/path/win32.ts": "31811536855e19ba37a999cd8d1b62078235548d67902ece4aa6b814596dd757",
    "https://deno.land/std@0.140.0/streams/conversion.ts": "712585bfa0172a97fb68dd46e784ae8ad59d11b88079d6a4ab098ff42e697d21",
    "https://deno.land/std@0.185.0/_util/asserts.ts": "178dfc49a464aee693a7e285567b3d0b555dc805ff490505a8aae34f9cfb1462",
    "https://deno.land/std@0.185.0/_util/os.ts": "d932f56d41e4f6a6093d56044e29ce637f8dcc43c5a90af43504a889cf1775e3",
    "https://deno.land/std@0.185.0/async/deferred.ts": "42790112f36a75a57db4a96d33974a936deb7b04d25c6084a9fa8a49f135def8",
    "https://deno.land/std@0.185.0/bytes/bytes_list.ts": "31d664f4d42fa922066405d0e421c56da89d751886ee77bbe25a88bf0310c9d0",
    "https://deno.land/std@0.185.0/bytes/concat.ts": "d26d6f3d7922e6d663dacfcd357563b7bf4a380ce5b9c2bbe0c8586662f25ce2",
    "https://deno.land/std@0.185.0/bytes/copy.ts": "939d89e302a9761dcf1d9c937c7711174ed74c59eef40a1e4569a05c9de88219",
    "https://deno.land/std@0.185.0/bytes/ends_with.ts": "4228811ebc71615d27f065c54b5e815ec1972538772b0f413c0efe05245b472e",
    "https://deno.land/std@0.185.0/bytes/equals.ts": "b87494ce5442dc786db46f91378100028c402f83a14a2f7bbff6bda7810aefe3",
    "https://deno.land/std@0.185.0/bytes/includes_needle.ts": "76a8163126fb2f8bf86fd7f22192c3bb04bf6a20b987a095127c2ca08adf3ba6",
    "https://deno.land/std@0.185.0/bytes/index_of_needle.ts": "65c939607df609374c4415598fa4dad04a2f14c4d98cd15775216f0aaf597f24",
    "https://deno.land/std@0.185.0/bytes/last_index_of_needle.ts": "7181072883cb4908c6ce8f7a5bb1d96787eef2c2ab3aa94fe4268ab326a53cbf",
    "https://deno.land/std@0.185.0/bytes/mod.ts": "e869bba1e7a2e3a9cc6c2d55471888429a544e70a840c087672e656e7ba21815",
    "https://deno.land/std@0.185.0/bytes/repeat.ts": "6f5e490d8d72bcbf8d84a6bb04690b9b3eb5822c5a11687bca73a2318a842294",
    "https://deno.land/std@0.185.0/bytes/starts_with.ts": "3e607a70c9c09f5140b7a7f17a695221abcc7244d20af3eb47ccbb63f5885135",
    "https://deno.land/std@0.185.0/crypto/keystack.ts": "877ab0f19eb7d37ad6495190d3c3e39f58e9c52e0b6a966f82fd6df67ca55f90",
    "https://deno.land/std@0.185.0/crypto/timing_safe_equal.ts": "0fae34ee02264f309ae0b6e54e9746a7aba3996e5454903ed106967a7a9ef665",
    "https://deno.land/std@0.185.0/encoding/base64.ts": "144ae6234c1fbe5b68666c711dc15b1e9ee2aef6d42b3b4345bf9a6c91d70d0d",
    "https://deno.land/std@0.185.0/encoding/base64url.ts": "2ed4ba122b20fedf226c5d337cf22ee2024fa73a8f85d915d442af7e9ce1fae1",
    "https://deno.land/std@0.185.0/http/_negotiation/common.ts": "14d1a52427ab258a4b7161cd80e1d8a207b7cc64b46e911780f57ead5f4323c6",
    "https://deno.land/std@0.185.0/http/_negotiation/encoding.ts": "ff747d107277c88cb7a6a62a08eeb8d56dad91564cbcccb30694d5dc126dcc53",
    "https://deno.land/std@0.185.0/http/_negotiation/language.ts": "7bcddd8db3330bdb7ce4fc00a213c5547c1968139864201efd67ef2d0d51887d",
    "https://deno.land/std@0.185.0/http/_negotiation/media_type.ts": "58847517cd549384ad677c0fe89e0a4815be36fe7a303ea63cee5f6a1d7e1692",
    "https://deno.land/std@0.185.0/http/cookie_map.ts": "d148a5eaf35f19905dd5104126fa47ac71105306dd42f129732365e43108b28a",
    "https://deno.land/std@0.185.0/http/etag.ts": "6ad8abbbb1045aabf2307959a2c5565054a8bf01c9824ddee836b1ff22706a58",
    "https://deno.land/std@0.185.0/http/http_errors.ts": "b9a18ef97d6c5966964de95e04d1f9f88a0f8bd8577c26fd402d9d632fb03a42",
    "https://deno.land/std@0.185.0/http/http_status.ts": "8a7bcfe3ac025199ad804075385e57f63d055b2aed539d943ccc277616d6f932",
    "https://deno.land/std@0.185.0/http/negotiation.ts": "46e74a6bad4b857333a58dc5b50fe8e5a4d5267e97292293ea65f980bd918086",
    "https://deno.land/std@0.185.0/http/server_sent_event.ts": "856764c8c058605bb618272833990b1f88b6de0dcc460f0f09749ba7e99dd656",
    "https://deno.land/std@0.185.0/io/buf_reader.ts": "abeb92b18426f11d72b112518293a96aef2e6e55f80b84235e8971ac910affb5",
    "https://deno.land/std@0.185.0/io/buf_writer.ts": "48c33c8f00b61dcbc7958706741cec8e59810bd307bc6a326cbd474fe8346dfd",
    "https://deno.land/std@0.185.0/io/buffer.ts": "17f4410eaaa60a8a85733e8891349a619eadfbbe42e2f319283ce2b8f29723ab",
    "https://deno.land/std@0.185.0/io/copy_n.ts": "0cc7ce07c75130f6fc18621ec1911c36e147eb9570664fee0ea12b1988167590",
    "https://deno.land/std@0.185.0/io/limited_reader.ts": "6c9a216f8eef39c1ee2a6b37a29372c8fc63455b2eeb91f06d9646f8f759fc8b",
    "https://deno.land/std@0.185.0/io/mod.ts": "2665bcccc1fd6e8627cca167c3e92aaecbd9897556b6f69e6d258070ef63fd9b",
    "https://deno.land/std@0.185.0/io/multi_reader.ts": "9c2a0a31686c44b277e16da1d97b4686a986edcee48409b84be25eedbc39b271",
    "https://deno.land/std@0.185.0/io/read_delim.ts": "c02b93cc546ae8caad8682ae270863e7ace6daec24c1eddd6faabc95a9d876a3",
    "https://deno.land/std@0.185.0/io/read_int.ts": "7cb8bcdfaf1107586c3bacc583d11c64c060196cb070bb13ae8c2061404f911f",
    "https://deno.land/std@0.185.0/io/read_lines.ts": "c526c12a20a9386dc910d500f9cdea43cba974e853397790bd146817a7eef8cc",
    "https://deno.land/std@0.185.0/io/read_long.ts": "f0aaa420e3da1261c5d33c5e729f09922f3d9fa49f046258d4ff7a00d800c71e",
    "https://deno.land/std@0.185.0/io/read_range.ts": "28152daf32e43dd9f7d41d8466852b0d18ad766cd5c4334c91fef6e1b3a74eb5",
    "https://deno.land/std@0.185.0/io/read_short.ts": "805cb329574b850b84bf14a92c052c59b5977a492cd780c41df8ad40826c1a20",
    "https://deno.land/std@0.185.0/io/read_string_delim.ts": "5dc9f53bdf78e7d4ee1e56b9b60352238ab236a71c3e3b2a713c3d78472a53ce",
    "https://deno.land/std@0.185.0/io/slice_long_to_bytes.ts": "48d9bace92684e880e46aa4a2520fc3867f9d7ce212055f76ecc11b22f9644b7",
    "https://deno.land/std@0.185.0/io/string_reader.ts": "da0f68251b3d5b5112485dfd4d1b1936135c9b4d921182a7edaf47f74c25cc8f",
    "https://deno.land/std@0.185.0/io/string_writer.ts": "8a03c5858c24965a54c6538bed15f32a7c72f5704a12bda56f83a40e28e5433e",
    "https://deno.land/std@0.185.0/media_types/_db.ts": "7606d83e31f23ce1a7968cbaee852810c2cf477903a095696cdc62eaab7ce570",
    "https://deno.land/std@0.185.0/media_types/_util.ts": "916efbd30b6148a716f110e67a4db29d6949bf4048997b754415dd7e42c52378",
    "https://deno.land/std@0.185.0/media_types/content_type.ts": "ad98a5aa2d95f5965b2796072284258710a25e520952376ed432b0937ce743bc",
    "https://deno.land/std@0.185.0/media_types/extension.ts": "a7cd28c9417143387cdfed27d4e8607ebcf5b1ec27eb8473d5b000144689fe65",
    "https://deno.land/std@0.185.0/media_types/extensions_by_type.ts": "43806d6a52a0d6d965ada9d20e60a982feb40bc7a82268178d94edb764694fed",
    "https://deno.land/std@0.185.0/media_types/format_media_type.ts": "f5e1073c05526a6f5a516ac5c5587a1abd043bf1039c71cde1166aa4328c8baf",
    "https://deno.land/std@0.185.0/media_types/get_charset.ts": "18b88274796fda5d353806bf409eb1d2ddb3f004eb4bd311662c4cdd8ac173db",
    "https://deno.land/std@0.185.0/media_types/mod.ts": "d3f0b99f85053bc0b98ecc24eaa3546dfa09b856dc0bbaf60d8956d2cdd710c8",
    "https://deno.land/std@0.185.0/media_types/parse_media_type.ts": "835c4112e1357e95b4f10d7cdea5ae1801967e444f48673ff8f1cb4d32af9920",
    "https://deno.land/std@0.185.0/media_types/type_by_extension.ts": "daa801eb0f11cdf199445d0f1b656cf116d47dcf9e5b85cc1e6b4469f5ee0432",
    "https://deno.land/std@0.185.0/media_types/vendor/mime-db.v1.52.0.ts": "6925bbcae81ca37241e3f55908d0505724358cda3384eaea707773b2c7e99586",
    "https://deno.land/std@0.185.0/path/_constants.ts": "e49961f6f4f48039c0dfed3c3f93e963ca3d92791c9d478ac5b43183413136e0",
    "https://deno.land/std@0.185.0/path/_interface.ts": "6471159dfbbc357e03882c2266d21ef9afdb1e4aa771b0545e90db58a0ba314b",
    "https://deno.land/std@0.185.0/path/_util.ts": "d7abb1e0dea065f427b89156e28cdeb32b045870acdf865833ba808a73b576d0",
    "https://deno.land/std@0.185.0/path/common.ts": "ee7505ab01fd22de3963b64e46cff31f40de34f9f8de1fff6a1bd2fe79380000",
    "https://deno.land/std@0.185.0/path/glob.ts": "d479e0a695621c94d3fd7fe7abd4f9499caf32a8de13f25073451c6ef420a4e1",
    "https://deno.land/std@0.185.0/path/mod.ts": "bf718f19a4fdd545aee1b06409ca0805bd1b68ecf876605ce632e932fe54510c",
    "https://deno.land/std@0.185.0/path/posix.ts": "8b7c67ac338714b30c816079303d0285dd24af6b284f7ad63da5b27372a2c94d",
    "https://deno.land/std@0.185.0/path/separator.ts": "0fb679739d0d1d7bf45b68dacfb4ec7563597a902edbaf3c59b50d5bcadd93b1",
    "https://deno.land/std@0.185.0/path/win32.ts": "d186344e5583bcbf8b18af416d13d82b35a317116e6460a5a3953508c3de5bba",
    "https://deno.land/std@0.185.0/streams/_common.ts": "f45cba84f0d813de3326466095539602364a9ba521f804cc758f7a475cda692d",
    "https://deno.land/std@0.185.0/streams/buffer.ts": "d5b3d7d0299114e5b2ea895a8bf202a687fd915c5282f8096c7bae23b5a04407",
    "https://deno.land/std@0.185.0/streams/byte_slice_stream.ts": "225d57263a34325d7c96cb3dafeb478eec0e6fd05cd0458d678752eadd132bb4",
    "https://deno.land/std@0.185.0/streams/copy.ts": "75cbc795ff89291df22ddca5252de88b2e16d40c85d02840593386a8a1454f71",
    "https://deno.land/std@0.185.0/streams/delimiter_stream.ts": "f69e849b3d1f59f02424497273f411105a6f76a9f13da92aeeb9a2d554236814",
    "https://deno.land/std@0.185.0/streams/early_zip_readable_streams.ts": "4005fa74162b943f79899e5d7cb96adcbc0a6b867f9144974ed12d30e0a556e1",
    "https://deno.land/std@0.185.0/streams/iterate_reader.ts": "bbec1d45c2df2c0c5920bad0549351446fdc8e0886d99e95959b259dbcdb6072",
    "https://deno.land/std@0.185.0/streams/limited_bytes_transform_stream.ts": "05dc592ffaab83257494d22dd53917e56243c26e5e3129b3f13ddbbbc4785048",
    "https://deno.land/std@0.185.0/streams/limited_transform_stream.ts": "d69ab790232c1b86f53621ad41ef03c235f2abb4b7a1cd51960ad6e12ee55e38",
    "https://deno.land/std@0.185.0/streams/merge_readable_streams.ts": "5d6302888f4bb0616dafb5768771be0aec9bedc05fbae6b3d726d05ffbec5b15",
    "https://deno.land/std@0.185.0/streams/mod.ts": "c07ec010e700b9ea887dc36ca08729828bc7912f711e4054e24d33fd46282252",
    "https://deno.land/std@0.185.0/streams/read_all.ts": "ee319772fb0fd28302f97343cc48dfcf948f154fd0d755d8efe65814b70533be",
    "https://deno.land/std@0.185.0/streams/readable_stream_from_iterable.ts": "cd4bb9e9bf6dbe84c213beb1f5085c326624421671473e410cfaecad15f01865",
    "https://deno.land/std@0.185.0/streams/readable_stream_from_reader.ts": "bfc416c4576a30aac6b9af22c9dc292c20c6742141ee7c55b5e85460beb0c54e",
    "https://deno.land/std@0.185.0/streams/reader_from_iterable.ts": "55f68110dce3f8f2c87b834d95f153bc904257fc65175f9f2abe78455cb8047c",
    "https://deno.land/std@0.185.0/streams/reader_from_stream_reader.ts": "fa4971e5615a010e49492c5d1688ca1a4d17472a41e98b498ab89a64ebd7ac73",
    "https://deno.land/std@0.185.0/streams/text_delimiter_stream.ts": "20e680ab8b751390e359288ce764f9c47d164af11a263870746eeca4bc7d976b",
    "https://deno.land/std@0.185.0/streams/text_line_stream.ts": "0f2c4b33a5fdb2476f2e060974cba1347cefe99a4af33c28a57524b1a34750fa",
    "https://deno.land/std@0.185.0/streams/to_transform_stream.ts": "7f55fc0b14cf3ed0f8d10d8f41d05bdc40726e44a65c37f58705d10a615f0159",
    "https://deno.land/std@0.185.0/streams/writable_stream_from_writer.ts": "56fff5c82fb736fdd669b567cc0b2bbbe0351002cd13254eae26c366e2bed89a",
    "https://deno.land/std@0.185.0/streams/write_all.ts": "aec90152978581ea62d56bb53a5cbf487e6a89c902f87c5969681ffbdf32b998",
    "https://deno.land/std@0.185.0/streams/writer_from_stream_writer.ts": "07c7ee025151a190f37fc42cbb01ff93afc949119ebddc6e0d0df14df1bf6950",
    "https://deno.land/std@0.185.0/streams/zip_readable_streams.ts": "a9d81aa451240f79230add674809dbee038d93aabe286e2d9671e66591fc86ca",
    "https://deno.land/std@0.185.0/types.d.ts": "dbaeb2c4d7c526db9828fc8df89d8aecf53b9ced72e0c4568f97ddd8cda616a4",
    "https://deno.land/std@0.187.0/_util/asserts.ts": "178dfc49a464aee693a7e285567b3d0b555dc805ff490505a8aae34f9cfb1462",
    "https://deno.land/std@0.187.0/_util/os.ts": "d932f56d41e4f6a6093d56044e29ce637f8dcc43c5a90af43504a889cf1775e3",
    "https://deno.land/std@0.187.0/path/_constants.ts": "e49961f6f4f48039c0dfed3c3f93e963ca3d92791c9d478ac5b43183413136e0",
    "https://deno.land/std@0.187.0/path/_interface.ts": "6471159dfbbc357e03882c2266d21ef9afdb1e4aa771b0545e90db58a0ba314b",
    "https://deno.land/std@0.187.0/path/_util.ts": "d7abb1e0dea065f427b89156e28cdeb32b045870acdf865833ba808a73b576d0",
    "https://deno.land/std@0.187.0/path/common.ts": "ee7505ab01fd22de3963b64e46cff31f40de34f9f8de1fff6a1bd2fe79380000",
    "https://deno.land/std@0.187.0/path/glob.ts": "d479e0a695621c94d3fd7fe7abd4f9499caf32a8de13f25073451c6ef420a4e1",
    "https://deno.land/std@0.187.0/path/mod.ts": "ee161baec5ded6510ee1d1fb6a75a0f5e4b41f3f3301c92c716ecbdf7dae910d",
    "https://deno.land/std@0.187.0/path/posix.ts": "8b7c67ac338714b30c816079303d0285dd24af6b284f7ad63da5b27372a2c94d",
    "https://deno.land/std@0.187.0/path/separator.ts": "0fb679739d0d1d7bf45b68dacfb4ec7563597a902edbaf3c59b50d5bcadd93b1",
    "https://deno.land/std@0.187.0/path/win32.ts": "d186344e5583bcbf8b18af416d13d82b35a317116e6460a5a3953508c3de5bba",
    "https://deno.land/x/deno_cache@0.4.1/auth_tokens.ts": "5fee7e9155e78cedf3f6ff3efacffdb76ac1a76c86978658d9066d4fb0f7326e",
    "https://deno.land/x/deno_cache@0.4.1/cache.ts": "51f72f4299411193d780faac8c09d4e8cbee951f541121ef75fcc0e94e64c195",
    "https://deno.land/x/deno_cache@0.4.1/deno_dir.ts": "f2a9044ce8c7fe1109004cda6be96bf98b08f478ce77e7a07f866eff1bdd933f",
    "https://deno.land/x/deno_cache@0.4.1/deps.ts": "8974097d6c17e65d9a82d39377ae8af7d94d74c25c0cbb5855d2920e063f2343",
    "https://deno.land/x/deno_cache@0.4.1/dirs.ts": "d2fa473ef490a74f2dcb5abb4b9ab92a48d2b5b6320875df2dee64851fa64aa9",
    "https://deno.land/x/deno_cache@0.4.1/disk_cache.ts": "1f3f5232cba4c56412d93bdb324c624e95d5dd179d0578d2121e3ccdf55539f9",
    "https://deno.land/x/deno_cache@0.4.1/file_fetcher.ts": "07a6c5f8fd94bf50a116278cc6012b4921c70d2251d98ce1c9f3c352135c39f7",
    "https://deno.land/x/deno_cache@0.4.1/http_cache.ts": "f632e0d6ec4a5d61ae3987737a72caf5fcdb93670d21032ddb78df41131360cd",
    "https://deno.land/x/deno_cache@0.4.1/mod.ts": "ef1cda9235a93b89cb175fe648372fc0f785add2a43aa29126567a05e3e36195",
    "https://deno.land/x/deno_cache@0.4.1/util.ts": "8cb686526f4be5205b92c819ca2ce82220aa0a8dd3613ef0913f6dc269dbbcfe",
    "https://deno.land/x/deno_graph@0.26.0/lib/deno_graph.generated.js": "2f7ca85b2ceb80ec4b3d1b7f3a504956083258610c7b9a1246238c5b7c68f62d",
    "https://deno.land/x/deno_graph@0.26.0/lib/loader.ts": "380e37e71d0649eb50176a9786795988fc3c47063a520a54b616d7727b0f8629",
    "https://deno.land/x/deno_graph@0.26.0/lib/media_type.ts": "222626d524fa2f9ebcc0ec7c7a7d5dfc74cc401cc46790f7c5e0eab0b0787707",
    "https://deno.land/x/deno_graph@0.26.0/lib/snippets/deno_graph-de651bc9c240ed8d/src/deno_apis.js": "41192baaa550a5c6a146280fae358cede917ae16ec4e4315be51bef6631ca892",
    "https://deno.land/x/deno_graph@0.26.0/lib/types.d.ts": "2bbdbf895321d1df8db511fab00160a0211c09c2e7cac56c522dd6e9ed6d2ef7",
    "https://deno.land/x/deno_graph@0.26.0/mod.ts": "11131ae166580a1c7fa8506ff553751465a81c263d94443f18f353d0c320bc14",
    "https://deno.land/x/deno_swagger_doc@releavev2.0.1/lib/helpers/createSpecification.ts": "2935a2f1cae1594493dd2ebe31de3d1ec589fd66c65850c18d15d921d663bb6f",
    "https://deno.land/x/deno_swagger_doc@releavev2.0.1/lib/helpers/filterJsDocComments.ts": "0270bbd69d196123cf50ca7ecb0e295820dcf6f9f4e3cf06c7a2ce89834cf986",
    "https://deno.land/x/deno_swagger_doc@releavev2.0.1/lib/helpers/finalizeSpecificationObject.ts": "84721b0c7b5de5dc923c0b0912012ee0ab2b3a74324b50871d8fd37174a74d43",
    "https://deno.land/x/deno_swagger_doc@releavev2.0.1/lib/helpers/getSpecificationObject.ts": "4a112367bba7bbedfc4d51b0ad435bd74483c31813800f1a7186932d9e34affc",
    "https://deno.land/x/deno_swagger_doc@releavev2.0.1/lib/helpers/hasEmptyProperty.ts": "5f5c9c8a3c46da61d03d5544c332ad275f808a4a255524aa1f7e7df1b0cfe4e7",
    "https://deno.land/x/deno_swagger_doc@releavev2.0.1/lib/helpers/parseApiFile.ts": "babfb8619a6a22a4c72727b75f93d1e10523669acee665c899c7d49f313ed29e",
    "https://deno.land/x/deno_swagger_doc@releavev2.0.1/lib/helpers/parseApiFileContent.ts": "e20541537e090b45e93c256a6c3d03b8022de3a60339f72a0ade6d996c93ad49",
    "https://deno.land/x/deno_swagger_doc@releavev2.0.1/lib/helpers/specification.ts": "f7b903c9be4eaee3095fad15734d4aee20e4251738ba4b9a3c5c8ebaf8291bf1",
    "https://deno.land/x/deno_swagger_doc@releavev2.0.1/lib/helpers/updateSpecificationObject.ts": "8af21ae87b3f1febae311df96f8b87f5cd3ff66557bb8d4d1976249ad5071fca",
    "https://deno.land/x/deno_swagger_doc@releavev2.0.1/lib/index.ts": "cb24d34f9d87fcf2fbe2ee51a2d30b6b74241d4bcc84c58fcb2de69f504e791d",
    "https://deno.land/x/deno_swagger_doc@releavev2.0.1/mod.ts": "1dc526b64e2d266aa083d71f99323c85dabcba37764524f7e684129c7ef7b793",
    "https://deno.land/x/emit@0.22.0/emit.generated.js": "72b2fa962796906bfb196d1e5b071e8c3aa3ccd0a7da2a37ed60cb61393d5a11",
    "https://deno.land/x/emit@0.22.0/mod.ts": "cab769b1b794b11256e282d6ff088938302d9e98b58ca9d5e341409b00d98239",
    "https://deno.land/x/oak@v12.4.0/application.ts": "4819f2820617f04117ccafe5bb4daae004c3cc0100eb321afd9a35ba558794d9",
    "https://deno.land/x/oak@v12.4.0/body.ts": "c7392f1dae04a360838f43b9cdd2f83d29c1eff4e6071d5f0cf1f3999b1602bc",
    "https://deno.land/x/oak@v12.4.0/buf_reader.ts": "7cf96aa0ac670b75098113cf88a291a68332cc45efa8a9698f064ac5b8098a0f",
    "https://deno.land/x/oak@v12.4.0/content_disposition.ts": "8b8c3cb2fba7138cd5b7f82fc3b5ea39b33db924a824b28261659db7e164621e",
    "https://deno.land/x/oak@v12.4.0/context.ts": "9cff1251bb734e52020cb24512a608f7acbba2cb4e514ce73d00e75a79d8b4a5",
    "https://deno.land/x/oak@v12.4.0/deps.ts": "2ecc4fd8f7d4ebdd9cf66e3830f2fbb99ed1c68a97809abf59734886754f4055",
    "https://deno.land/x/oak@v12.4.0/etag.ts": "393cb69513b44058ea034571892ec6aa602ec50c45303a24c706d32ef57a3da4",
    "https://deno.land/x/oak@v12.4.0/forwarded.ts": "e656f96a85574e2a6ee54dc35efc9f72d543c9ae0923760ef426ee7369eef01c",
    "https://deno.land/x/oak@v12.4.0/headers.ts": "f50fb05614432bda971021633129aa2e8737e0844e0f01c27a937997b4d8dd4f",
    "https://deno.land/x/oak@v12.4.0/helpers.ts": "42212afa07a560b2958359cc19577417e89d9574d6579551a0af36ff7f00cc6e",
    "https://deno.land/x/oak@v12.4.0/http_server_native.ts": "0141e1339ed9a33bc26ce537ddab5adbb3542b35916d92de286aed4937e4a6d6",
    "https://deno.land/x/oak@v12.4.0/http_server_native_request.ts": "98cfe71f2ee476e20e6d76c283983843eee303de2fa13151e965633b796d43df",
    "https://deno.land/x/oak@v12.4.0/isMediaType.ts": "62d638abcf837ece3a8f07a4b7ca59794135cb0d4b73194c7d5837efd4161005",
    "https://deno.land/x/oak@v12.4.0/mediaTyper.ts": "042b853fc8e9c3f6c628dd389e03ef481552bf07242efc3f8a1af042102a6105",
    "https://deno.land/x/oak@v12.4.0/middleware.ts": "94620707a04d16c29e9aea0196ec905e08daae2fa6f84a43fb1b1ead1e1c4be6",
    "https://deno.land/x/oak@v12.4.0/middleware/proxy.ts": "4391d33efe232e1d6338486df0b1c55ced767c7fcafd3d5fcf35f7457eef6651",
    "https://deno.land/x/oak@v12.4.0/mod.ts": "3b166ef40c11eef776e37e3d442ff7f7f31518d851ff8469f5e9a3e161ced240",
    "https://deno.land/x/oak@v12.4.0/multipart.ts": "98fe9f226de8c26a16d067027b69fb1e34ad8c4055767dd157907d06cea36f9a",
    "https://deno.land/x/oak@v12.4.0/range.ts": "68a6df7ab3b868843e33f52deb94c3d4cab25cb9ef369691990c2ac15b04fafb",
    "https://deno.land/x/oak@v12.4.0/request.ts": "5852ad36389b48e0428a6f3c90854d01f10d1b15949b56001e1e75c2a00ef0f9",
    "https://deno.land/x/oak@v12.4.0/response.ts": "867d81f7eb0c65c7b8e0e0e9e145ededd5b6daa9ad922e6adc6a36a525f439a6",
    "https://deno.land/x/oak@v12.4.0/router.ts": "36b67962681732713bc0fbce779cd3ede7417c018a10aab378901bc966ecfeb8",
    "https://deno.land/x/oak@v12.4.0/send.ts": "5ec49f106294593f468317a0c885da4f3274bf6d0fe9e16a7304391730b4f4fb",
    "https://deno.land/x/oak@v12.4.0/structured_clone.ts": "9c2d21c62f616400305a60cbd29eb06764ee97edc423223424b6cf55df0e8be2",
    "https://deno.land/x/oak@v12.4.0/testing.ts": "a0be5c84981afde666de29630f34b09d944ca1a2fe6a5185644b60ad95e16d18",
    "https://deno.land/x/oak@v12.4.0/types.d.ts": "1d15e19052254c4d0ff84bb74d84def42588b2fbc59f5f6dc2c3fe5bdbb6b31b",
    "https://deno.land/x/oak@v12.4.0/util.ts": "3af8c4ed04c6cc2bedbe66e562a77fc59c72df31c55a902a63885861ca1639d6",
    "https://deno.land/x/path_to_regexp@v6.2.1/index.ts": "894060567837bae8fc9c5cbd4d0a05e9024672083d5883b525c031eea940e556",
    "https://dev.jspm.io/doctrine": "9493342886a221fc3331ebbc236b26bea0cdbc43986b294c54cd56e3be6964c8",
    "https://dev.jspm.io/js-yaml": "1795ef5ddcc52424f508376088677af6b91f27be68b5a231e6534af02ededef9",
    "https://dev.jspm.io/npm:@apidevtools/json-schema-ref-parser@9!cjs": "e892f6611d0c5252974df8113425b08d86feebf5cec1ad0bfde94cd0345c912f",
    "https://dev.jspm.io/npm:@apidevtools/json-schema-ref-parser@9.1.2!cjs": "839931d13f5bd4f0c6ffbf45c54d45cfbf5be881faa74569ea19805f39e1cb97",
    "https://dev.jspm.io/npm:@apidevtools/json-schema-ref-parser@9.1.2/_/0737ccef.js": "7528ecc52fa89c8d9b8c90e736a0c61a4b6560fcb1cf0eedf1f0f5491d2e4271",
    "https://dev.jspm.io/npm:@apidevtools/json-schema-ref-parser@9.1.2/_/511891b5.js": "4353764f38b2fcea2bf8c72031d6e06125c79429e4a5d2a01a24f2bfd863757a",
    "https://dev.jspm.io/npm:@apidevtools/json-schema-ref-parser@9.1.2/_/8b141874.js": "f906a43cded24ae48d1c6731db4c8ac850ae7473519936ad90e1a7587f94cafc",
    "https://dev.jspm.io/npm:@apidevtools/json-schema-ref-parser@9.1.2/_/93c284ea.js": "a5ae679ba44dd904b8c1480ea635b3431f4cd3c43e66c040f5319f580220488a",
    "https://dev.jspm.io/npm:@apidevtools/json-schema-ref-parser@9.1.2/_/a13b177e.js": "4832ad0b52bb517b7797a78be6d81aa6d91178ea4fb666764d2633884f8c0fcb",
    "https://dev.jspm.io/npm:@apidevtools/json-schema-ref-parser@9.1.2/_/bbfe9673.js": "a71f8ae2c4a57261a0e45281bf44060c5c2bfe857c725fcbd3d5e80c999aca5c",
    "https://dev.jspm.io/npm:@apidevtools/json-schema-ref-parser@9.1.2/_/c397b3d5.js": "265abcbcadf22b320aa66f41a04522a4d612f52e59a6024e6d4dbf9879c47d58",
    "https://dev.jspm.io/npm:@apidevtools/json-schema-ref-parser@9.1.2/lib/dereference!cjs": "4e31b31cdb5c598a2d9a09757db7837014ff01f54c0c30c97b64de7751974bbd",
    "https://dev.jspm.io/npm:@apidevtools/json-schema-ref-parser@9.1.2/lib/normalize-args!cjs": "81585893b8434086589c90ee601909d8dfc476d9cba428695186215fa93326c4",
    "https://dev.jspm.io/npm:@apidevtools/json-schema-ref-parser@9.1.2/lib/options!cjs": "effaa97fa672bb1d10f6d21f6a41bf4b67e5f099dcd226cf3a4b21a8148d3ce3",
    "https://dev.jspm.io/npm:@apidevtools/json-schema-ref-parser@9/lib/dereference!cjs": "3a6e2a49f74ec3adba273d19f6cbe9c745b2c5acf2402442b48a9b145ae70fbd",
    "https://dev.jspm.io/npm:@apidevtools/json-schema-ref-parser@9/lib/normalize-args!cjs": "23f1a5e5082bb80733ad29b94583ab42cc8472d0207f343fe53d2af260fe6c02",
    "https://dev.jspm.io/npm:@apidevtools/json-schema-ref-parser@9/lib/options!cjs": "13217ac3c64cbf7c1b3796ef1ca6fee91fda7d31f08f70844295f0f3d8ea324f",
    "https://dev.jspm.io/npm:@apidevtools/openapi-schemas@2!cjs": "54539fc2ff3cfa8047d7fff985b531f413363ef685e0bc3996f8e2b8f45948c8",
    "https://dev.jspm.io/npm:@apidevtools/openapi-schemas@2.1.0!cjs": "ac7bc76dfda344653f4b2cc63e5b9692f042870dcf787410cda9220e016dd493",
    "https://dev.jspm.io/npm:@apidevtools/swagger-methods@3!cjs": "a0b229a32f15b0e1561981012a542cc3be2905d51c507d96e299c6f6d6e1d0a8",
    "https://dev.jspm.io/npm:@apidevtools/swagger-methods@3.0.2!cjs": "eda45fbb53cc4486d2a7047a3c74b11672158e58f22cbe79df2432d648fb0c8f",
    "https://dev.jspm.io/npm:@apidevtools/swagger-parser@10.0.3!cjs": "601bb284d8900f54f883454a2b7d002da20f2c950cfa90d85ae619f030e63c5f",
    "https://dev.jspm.io/npm:@jsdevtools/ono@7!cjs": "c4d89055afeeacf7939c49ef3a105e13e504e1cb0927004f2c3b17a861fc3bee",
    "https://dev.jspm.io/npm:@jsdevtools/ono@7.1.3!cjs": "6b8dcaf73e5eaa4882e2cb7c035529d8618738cac1bee97fdbb3cca900dade21",
    "https://dev.jspm.io/npm:@jspm/core@2.0.1/_/0545670c.js": "468e254a0e5f7801333f217fcee046141186bd0a960018c893d73910bd754b71",
    "https://dev.jspm.io/npm:@jspm/core@2.0.1/_/3fe460d2.js": "991599d7a4ccc93f3dc0808aa706e713fd80a80fc8d21ec1fd28a96832030572",
    "https://dev.jspm.io/npm:@jspm/core@2.0.1/_/4a7b19f3.js": "0987e28a89045f13547cdfd42adfb114158c9e444544cbfa0737679e3d3863ce",
    "https://dev.jspm.io/npm:@jspm/core@2.0.1/_/57403c48.js": "3fa9c20fb03311a58a652563a4c935f6e7666113d2f725a6458893bfbac75e5f",
    "https://dev.jspm.io/npm:@jspm/core@2.0.1/_/633ae550.js": "65a4b416c1a22251ee020c55496de44a08ae247d4108898dfc0f4753df829fc5",
    "https://dev.jspm.io/npm:@jspm/core@2.0.1/_/8dc3f476.js": "55ff556fbd358ec01e78b1bc31d4d22baf1479046e42ea17f712b58ea96ba535",
    "https://dev.jspm.io/npm:@jspm/core@2.0.1/_/8ddf35de.js": "c05f3a1431f18571f87b59b7d3cda65c8983712c9b424b5574623975dcc68863",
    "https://dev.jspm.io/npm:@jspm/core@2.0.1/_/a421dfba.js": "ec016925d8e0ec5e5b56c0847212c1113edce320f5f6920d241ee00ee115d172",
    "https://dev.jspm.io/npm:@jspm/core@2.0.1/_/c5b352d6.js": "991006a876c2c17414e1884022c7c96a5cbe9a4fc9ec1abd717ac3d0ee7d4c55",
    "https://dev.jspm.io/npm:@jspm/core@2.0.1/_/cb95b980.js": "e20e42c770070c4326cb18192218b59e90a5378cdc57897f0c5f3b99ae054f07",
    "https://dev.jspm.io/npm:@jspm/core@2.0.1/_/e0803811.js": "1f6fe590fd0eeb59d9911633c388a4d97bea171f10ad260bc63b6702eb6d2e25",
    "https://dev.jspm.io/npm:@jspm/core@2.0.1/nodelibs/assert": "d10535eedc33c732428f71cd82f4a0caf0e74fec90d6bd7c3535a8ea4389a5ce",
    "https://dev.jspm.io/npm:@jspm/core@2.0.1/nodelibs/buffer": "f6bd0a893f7d7d48422389dc81a2923809fbd24c2d6352c7f4bdd29dcad7154b",
    "https://dev.jspm.io/npm:@jspm/core@2.0.1/nodelibs/http": "3a6a6039e8b101294759b1e7c9acea0b75e2711e32b91246c3d1a2cf2d491755",
    "https://dev.jspm.io/npm:@jspm/core@2.0.1/nodelibs/https": "a1e659c95c3769dc3ab32b078c028adfab890545f1e4eb73f945b6119d648bcf",
    "https://dev.jspm.io/npm:@jspm/core@2.0.1/nodelibs/process": "1d9259731556e49ecd4ce8180667577a1bdc68844dc89a5a1e71d34cad4a455d",
    "https://dev.jspm.io/npm:@jspm/core@2.0.1/nodelibs/url": "3d7ca846b3826a38b6b6596e04446f053bcadb71b818a28333e620afd119fef7",
    "https://dev.jspm.io/npm:@jspm/core@2.0.1/nodelibs/util": "f22fa23c828774618e6f8705ce6705f5a4e1d939efc98af445805d6d9a9e4a44",
    "https://dev.jspm.io/npm:@jspm/core@2/nodelibs/assert": "cf62e57177a93e448e5c0e9d9ba4c45a74181d76f7e2d8e183ee8ce19e35273d",
    "https://dev.jspm.io/npm:@jspm/core@2/nodelibs/buffer": "229bdbb9a5042d5977545e4ff66f49e866bf7103f4df4a7b60af203625ac60b0",
    "https://dev.jspm.io/npm:@jspm/core@2/nodelibs/http": "00567cab39a03e98a0b8e8a691db2f9e8cc4158752fe16936a2ca3d1cf7d45eb",
    "https://dev.jspm.io/npm:@jspm/core@2/nodelibs/https": "ad57d7779dd0eedea2c8c10088467a096be0e6e4e36b944d205eabd6b35466c2",
    "https://dev.jspm.io/npm:@jspm/core@2/nodelibs/process": "2b4c3a7c167d15d326b5e420b8a9f9c6ab7e1fedcfd1910b9b5a25ed5bb43579",
    "https://dev.jspm.io/npm:@jspm/core@2/nodelibs/url": "4f9b3efc61540c0883c3a60693d3fdd83557bc1b0532ec313c0515174492d480",
    "https://dev.jspm.io/npm:@jspm/core@2/nodelibs/util": "3e367156f97c2b6d19b6658a074a2554010e5e15a1b59fa239c58bff2ffb266e",
    "https://dev.jspm.io/npm:call-me-maybe@1!cjs": "8f579e5202ff41b4a976501846f6e875ddaf9d9f3874bbcecc594392650fc271",
    "https://dev.jspm.io/npm:call-me-maybe@1.0.2!cjs": "e9d1a0250a19f4eb6ee2e571c5874609e9358e18d8391d731b3004984780341a",
    "https://dev.jspm.io/npm:doctrine@3.0.0!cjs": "43562f539c6a84129f2a1cedc36dd69ebd7cc9a5d42b66c0b6090b4515fd18a0",
    "https://dev.jspm.io/npm:doctrine@3.0.0/_/771ee838.js": "4935752d2c00ae29c934b6866b9a851850706ed24763b5e5b43f5e044abada69",
    "https://dev.jspm.io/npm:esutils@2!cjs": "1c2e6f796e4d68099fc79d23c966471fee73c2b6b08e767b4969449b8fd48176",
    "https://dev.jspm.io/npm:esutils@2.0.3!cjs": "f3326c87250f8babe2ad4dc573b991b87fdc34fa22d18f9878a20175ffd133c4",
    "https://dev.jspm.io/npm:esutils@2.0.3/lib/ast.js!cjs": "149dc6c5ce5b77ff94e5fb67319a9f3bdaba3917721ae75606b7671940b5d703",
    "https://dev.jspm.io/npm:js-yaml@4!cjs": "5e4dec1602835c6ebdab29e77735f5981823204722bafc19189662a54b45dbb3",
    "https://dev.jspm.io/npm:js-yaml@4.1.0": "eddf6672c42b44472cd1818ab5f33473c7be358353c4a802de26177612b28e54",
    "https://dev.jspm.io/npm:js-yaml@4.1.0!cjs": "57706871c6c63679aa3af2cf99e2138721977a1963c302742c83b746b64f7a3a",
    "https://dev.jspm.io/npm:lodash.get@4!cjs": "55a5361697f3bbefaebbf4cb22524854057d98c03346e53c4022c9f67d0a4744",
    "https://dev.jspm.io/npm:lodash.get@4.4.2!cjs": "07e519a7b29ee90eb2e7d6f4a65d740dd9fef3a92942ae895ed22de2069bdb56",
    "https://dev.jspm.io/npm:lodash.isequal@4!cjs": "94607a418d9b40e4ee3b850db4e5f9d221f87794b202498033e21b8683bbb3d4",
    "https://dev.jspm.io/npm:lodash.isequal@4.5.0!cjs": "b746464d43864823aed56e83df3e762cc18a4752f1bb9f3ffd26f0363222d261",
    "https://dev.jspm.io/npm:swagger-parser@10.0.3!cjs": "e77c1bd1033aeee1beebad36616656df25fdc9874af3147ca51218dbe9621f9d",
    "https://dev.jspm.io/npm:validator@13!cjs": "7a6e0a3e40dd07f2129309f0a8a8e99e0c615fca8d7d2c103740b735c844cafd",
    "https://dev.jspm.io/npm:validator@13.9.0!cjs": "73844878d4b288224d23d56afbb2ac489da21cef701ee3c1f80de307b4a08c3d",
    "https://dev.jspm.io/npm:validator@13.9.0/_/1f6c6f36.js": "cb69bf8a16bc76d3e6d81ac10a2fc33ed2dff19bffff060cf8592f011d21a640",
    "https://dev.jspm.io/npm:validator@13.9.0/_/472bc908.js": "f24dad2b71b2c3d0d9f98715330892c5f7caa3e1c90e48871f8f98aeac65d49c",
    "https://dev.jspm.io/npm:validator@13.9.0/_/87e3e170.js": "88da82b0eedb8835127a9f316894d0003645c993064b3b64706ebaa446eebe94",
    "https://dev.jspm.io/npm:validator@13.9.0/_/9f29789e.js": "75b7dfd4c78ff83642f28b7bb14083dfe1add03cb6635f4365730640b3855a6a",
    "https://dev.jspm.io/npm:validator@13.9.0/_/f1c0950b.js": "d52e307e95064a97d14881776eef0aff981ad2a39a1034c922fa968bfa904c69",
    "https://dev.jspm.io/npm:validator@13.9.0/lib/blacklist!cjs": "052e2977d8aac1070f2e7db281a085dc8ff2a0b43b84306a948a05507ebcf9e6",
    "https://dev.jspm.io/npm:validator@13.9.0/lib/contains!cjs": "0373bea6600ed970fa4a0bc1a7d17f6df3f7a222aa5c3163b3453920a43f5b81",
    "https://dev.jspm.io/npm:validator@13.9.0/lib/equals!cjs": "0fcff8552b5251a5bca88f71c9e8eb77ced2df0ef1557d25b8798dc14edf1dc3",
    "https://dev.jspm.io/npm:validator@13.9.0/lib/escape!cjs": "7774c93836edba95ddfab56b7b15a88c7a85c8c0cb8b8ada8076f3582cd0dd69",
    "https://dev.jspm.io/npm:validator@13.9.0/lib/isAfter!cjs": "50e23ed88bb01f4607e49a9fca0456e2808fc68c9c9834a574f991d043c1ee29",
    "https://dev.jspm.io/npm:validator@13.9.0/lib/isAlpha!cjs": "7ead88bc88eb305ce43916a7975903e0514dfbec59a25c85d35c71aa886575d4",
    "https://dev.jspm.io/npm:validator@13.9.0/lib/isAlphanumeric!cjs": "881a8f855606c0ab127fb57018c70b6c9551ac9874e41c6158d0b12359abc231",
    "https://dev.jspm.io/npm:validator@13.9.0/lib/isAscii!cjs": "ab61383a34ed99ccbad634202f1c7df346e9188b29400b1d2e1e6e6ea1ce3f9e",
    "https://dev.jspm.io/npm:validator@13.9.0/lib/isBIC!cjs": "7f6b5a5e561e6dcfa8d0358e8ce92f035afad978a63c3fd9364f566ff252a56d",
    "https://dev.jspm.io/npm:validator@13.9.0/lib/isBase32!cjs": "9b88166fc54b173c19a43356e54d551d3551a2c251f0b47bfb8f4229c7f23119",
    "https://dev.jspm.io/npm:validator@13.9.0/lib/isBase58!cjs": "db1b36d6ef5aca48807c7351fde4f11f2d8da3b4fd24bd834a8e295a94db4ca1",
    "https://dev.jspm.io/npm:validator@13.9.0/lib/isBase64!cjs": "2927d9cca651c1dc7fb6b5c71328e8143ebb11c02582fe48ed989aa06be14be2",
    "https://dev.jspm.io/npm:validator@13.9.0/lib/isBefore!cjs": "56062ae9437e92a93ca3502f4ef0e27892626d9565d5f403c215bb9001cf475c",
    "https://dev.jspm.io/npm:validator@13.9.0/lib/isBoolean!cjs": "5c1bd30e8364dd22c5126df3d0ebafa95f8a12cabe9aa2a4a16af59496a874e9",
    "https://dev.jspm.io/npm:validator@13.9.0/lib/isBtcAddress!cjs": "21dc00265a61cb8da7bf93af5243f67d2725119b5ca8cefe4349e584cecc751b",
    "https://dev.jspm.io/npm:validator@13.9.0/lib/isByteLength!cjs": "4b5aff650e4319e86f9b97ecc084454b3ed1ce95b78c258ffcaef80a09d5eeb6",
    "https://dev.jspm.io/npm:validator@13.9.0/lib/isCurrency!cjs": "83d0579f02bd131a9848e6e65a55f99bfe5d749918bf5edff23a84c8b9d74fe9",
    "https://dev.jspm.io/npm:validator@13.9.0/lib/isDataURI!cjs": "721f5f2cfe4b6ec8930f38c2fe03719b9edef54fa414982118a741756c3672bb",
    "https://dev.jspm.io/npm:validator@13.9.0/lib/isDate!cjs": "984660bfcaa084d64644c083b6a5e8c9e1991d3514e34610a2d249388d711b2c",
    "https://dev.jspm.io/npm:validator@13.9.0/lib/isDecimal!cjs": "6230ea09aea6ba5426ab569be90a88893b27b6a1cf2a5f8bd78edab99f525dee",
    "https://dev.jspm.io/npm:validator@13.9.0/lib/isDivisibleBy!cjs": "14328d944cc9f3400ab4f6d05ef4c39b8d36ab3e0bed746b5edb644da9dfe29c",
    "https://dev.jspm.io/npm:validator@13.9.0/lib/isEAN!cjs": "c45864d2d4ffd8199153dbaba3d41cb58548b4f06bed233a38aabaf1888fe085",
    "https://dev.jspm.io/npm:validator@13.9.0/lib/isEmail!cjs": "94977939990a71bd6604d004e15b8fc477dab80f2c5cdc88a7a578ea2c3eb5c5",
    "https://dev.jspm.io/npm:validator@13.9.0/lib/isEmpty!cjs": "a9b32c6201ab4b0ddc204cca0f360ea204dd69ba1f4f1ae41fc7ebd38c936bcc",
    "https://dev.jspm.io/npm:validator@13.9.0/lib/isEthereumAddress!cjs": "63ca04b6f73a9b49f646b9d56a25284d58cfc00854c1a70a3e8aaa2c8c886aa5",
    "https://dev.jspm.io/npm:validator@13.9.0/lib/isFQDN!cjs": "82556d9d7d68a7b7f7b9cfcc38a73e0018d469e476326657ed78b0006309acb9",
    "https://dev.jspm.io/npm:validator@13.9.0/lib/isFloat!cjs": "d9c3eb4eb93032803a919720d93d191216b5e0e339e6009bb16fa8753c12dad0",
    "https://dev.jspm.io/npm:validator@13.9.0/lib/isFullWidth!cjs": "ccadcea334f3c83bef417420f847e34f23bffe41506fa36e40403914eaa29659",
    "https://dev.jspm.io/npm:validator@13.9.0/lib/isHSL!cjs": "60676b3b92160559f9f82075e3315d24e94e68af8a3f1a519cb9f663f8af78b6",
    "https://dev.jspm.io/npm:validator@13.9.0/lib/isHalfWidth!cjs": "d3a08e0eaab8e420f32405395ddcd1fb11c2bd23254fd598728c90b842085e58",
    "https://dev.jspm.io/npm:validator@13.9.0/lib/isHash!cjs": "4758511d4d78ec1485e8e507534e245e556a9b42771c9d269a3423d52b8e28cf",
    "https://dev.jspm.io/npm:validator@13.9.0/lib/isHexColor!cjs": "7f31754782d254705918b2afb6b23126fc0acfe46fa723f9555d02ac90306482",
    "https://dev.jspm.io/npm:validator@13.9.0/lib/isHexadecimal!cjs": "757e897a905339fd6d7816caefd358e0f821eaa234b88c6cf4cfb3ad5940761b",
    "https://dev.jspm.io/npm:validator@13.9.0/lib/isIBAN!cjs": "e50a420c4f6825929a2f13dabc8cb0265a40acfb809f161351619a9392daaed2",
    "https://dev.jspm.io/npm:validator@13.9.0/lib/isIP!cjs": "459226b32cd30e3353e98a200a526c949358eef14e365ee8e0dd381a63a08f13",
    "https://dev.jspm.io/npm:validator@13.9.0/lib/isIPRange!cjs": "d914847b62f5b0a68d31751dde5acb98e5bc93306839b13e4faf67ba27747e9d",
    "https://dev.jspm.io/npm:validator@13.9.0/lib/isISBN!cjs": "82dd2f37fc4f4d3abbd101456d49ade9811211408115d0fc4dd0085cb5ed227c",
    "https://dev.jspm.io/npm:validator@13.9.0/lib/isISIN!cjs": "80746f2be909d86707e6b31a750d881ae44b89d2be6e1d77bde2f374ba576e25",
    "https://dev.jspm.io/npm:validator@13.9.0/lib/isISO31661Alpha2!cjs": "304642854b1c38a670b5f38421fe1b9e82ff3d4a51b1e528b133aeef5275391d",
    "https://dev.jspm.io/npm:validator@13.9.0/lib/isISO31661Alpha3!cjs": "951978b1f67ac9c513404b7e5148faebab239a79fbe95764c951bc2b12ce22b5",
    "https://dev.jspm.io/npm:validator@13.9.0/lib/isISO4217!cjs": "00c3b7496ec751d555d8bc64e2834a4f7220dd111f5fec0422a6c81990d9ad29",
    "https://dev.jspm.io/npm:validator@13.9.0/lib/isISO8601!cjs": "98f6d282a8eb2b069c5208cf6ef0079b673287acf03705e79583a211823b9e6d",
    "https://dev.jspm.io/npm:validator@13.9.0/lib/isISRC!cjs": "525b8454acecda17cac966976cfdca125f09183bb6766870330ab38f8c417502",
    "https://dev.jspm.io/npm:validator@13.9.0/lib/isISSN!cjs": "028ef97fec7e156cf7ab5e786b84ccf9a007d7b32418e66f86f3b3b99632a712",
    "https://dev.jspm.io/npm:validator@13.9.0/lib/isIdentityCard!cjs": "7a0ace05dc4e512439ca76f916993d565344cd9ac1f47dec6272320b8bebe1c6",
    "https://dev.jspm.io/npm:validator@13.9.0/lib/isIn!cjs": "fc267afeec8ece77edd0f706dc653755dd53393360131173e4211f184bddd0ff",
    "https://dev.jspm.io/npm:validator@13.9.0/lib/isInt!cjs": "24d9a5e81a7ebf33e1051418bc62923ad03ac6dab4a2662451f55ab993e98d39",
    "https://dev.jspm.io/npm:validator@13.9.0/lib/isJSON!cjs": "834593e712fe5f195f0b7a7a87a6e810d413751dc776a0863f5a749bae47368d",
    "https://dev.jspm.io/npm:validator@13.9.0/lib/isJWT!cjs": "efe83e6ec58d834b7c494075847c66ab7908b1669410621c5fa0c7fccb54ad4a",
    "https://dev.jspm.io/npm:validator@13.9.0/lib/isLatLong!cjs": "d341435ba63729d579d5acfa10089c305b134cef6ee1dc76b32ff592cb895a9a",
    "https://dev.jspm.io/npm:validator@13.9.0/lib/isLength!cjs": "45b82581a36a780abe705d3a4ed43a2a90c248d9706b3536f833d59a30db8658",
    "https://dev.jspm.io/npm:validator@13.9.0/lib/isLocale!cjs": "6e9ff7fd4029b5ac54c4f303c5d5bcace8cb0c418becb746c05b409f48c3747e",
    "https://dev.jspm.io/npm:validator@13.9.0/lib/isLowercase!cjs": "2ac0a25d5cce519055c7c36e20c3d960a60998c0ce39ec9b02ae5c4cb9af291d",
    "https://dev.jspm.io/npm:validator@13.9.0/lib/isMACAddress!cjs": "142cf84609b592e1048f85b824646750b5436c8d00cebb72e246df1bb4f82df9",
    "https://dev.jspm.io/npm:validator@13.9.0/lib/isMD5!cjs": "af0480aae1a73ecbe678231aa910c1346487d30d50124f4a3126bd19ba818282",
    "https://dev.jspm.io/npm:validator@13.9.0/lib/isMagnetURI!cjs": "a944a22701a464bb7982b914dc17e543115932b1e5ebfa54de4850ee03e58081",
    "https://dev.jspm.io/npm:validator@13.9.0/lib/isMimeType!cjs": "e40b274390bcb4e61deb20608ebef25799f1fe9c089637844aec5e28bd1d22fd",
    "https://dev.jspm.io/npm:validator@13.9.0/lib/isMobilePhone!cjs": "1c84be7e47af674b1c1de29847669e8def54693d0a82d96672217139eaa6aced",
    "https://dev.jspm.io/npm:validator@13.9.0/lib/isMongoId!cjs": "57348f834420e2d031a01dfb55e38f0f41fbe8a993cf8a96cc80089261c02c59",
    "https://dev.jspm.io/npm:validator@13.9.0/lib/isMultibyte!cjs": "ee52bcaee04498c97bd052b09e0e9fc9ddc18d6159b411003c9e7932f72c6cc9",
    "https://dev.jspm.io/npm:validator@13.9.0/lib/isNumeric!cjs": "abb1a61553a51a4a841f76a0fe49b6c0ab2f2e36c3a1e05bdfbd74a724fad537",
    "https://dev.jspm.io/npm:validator@13.9.0/lib/isOctal!cjs": "a092fd3a80b54037a406fbd7355491d72c2e349e373fc98e98d266b823c2e4ca",
    "https://dev.jspm.io/npm:validator@13.9.0/lib/isPassportNumber!cjs": "a141b01857e1fa80c492e86c198131c6a6516962c5f81d290653e386808af68d",
    "https://dev.jspm.io/npm:validator@13.9.0/lib/isPort!cjs": "1eb24c8075262edc1d669d785440a0371fd13f2d2801b166cf1315f0d99c9527",
    "https://dev.jspm.io/npm:validator@13.9.0/lib/isPostalCode!cjs": "31587dc4bffd27ba6fb0bf14ac441bd32855f009bc82f2abfd6f20c2e9f893b9",
    "https://dev.jspm.io/npm:validator@13.9.0/lib/isRFC3339!cjs": "5a5dc3759c0e09b59ff494cc3266cacdf4cc842a35f438de38ac677ba26b98e1",
    "https://dev.jspm.io/npm:validator@13.9.0/lib/isRgbColor!cjs": "364c4fc2f0e885f94f02e8931bb16e5ee9c583cf3256016d3c01c51852c26d10",
    "https://dev.jspm.io/npm:validator@13.9.0/lib/isSemVer!cjs": "a7e4ce8b21a5f24f2cfa16d0870f39d41941a1509440215082e0e73ce086dc0f",
    "https://dev.jspm.io/npm:validator@13.9.0/lib/isSlug!cjs": "a54df7167dfb845efa041f9c41a2d6fb42c5a5825dc1ce182e00dd9951161f7f",
    "https://dev.jspm.io/npm:validator@13.9.0/lib/isStrongPassword!cjs": "65447e7b6e9e93fbd65e811d674b5e6589efcd15923e139daedfc951688a19fd",
    "https://dev.jspm.io/npm:validator@13.9.0/lib/isSurrogatePair!cjs": "a47d1d8098aac6b08cfdc2e9b048a663070cf8d72ce82f3837c6d9ba386bc2f0",
    "https://dev.jspm.io/npm:validator@13.9.0/lib/isTaxID!cjs": "24bca9b2dc65b8c82406e8740cbcda50e6f7bb3e2219862295f1875e275db0cc",
    "https://dev.jspm.io/npm:validator@13.9.0/lib/isURL!cjs": "870903f2bf7e366879b2a9a9a3bcf36a532ea2f699656316bf9d9bed5b8aad90",
    "https://dev.jspm.io/npm:validator@13.9.0/lib/isUUID!cjs": "d115c2125896d1721ba4edb6501d8c19b21bf0f9a92587305f09070f84ad88ff",
    "https://dev.jspm.io/npm:validator@13.9.0/lib/isUppercase!cjs": "41953d9a183cea2863d9719bee90b3a82aa106014f559d807db257514414c09e",
    "https://dev.jspm.io/npm:validator@13.9.0/lib/isVAT!cjs": "f7934a0e39458abaa96739a7b92d267c6ba3c633543c364c9603c5f911ddbdf8",
    "https://dev.jspm.io/npm:validator@13.9.0/lib/isVariableWidth!cjs": "85d1ec80983123f40b7db4aa2367288f9fbbab10127c2e469d47311142213fcc",
    "https://dev.jspm.io/npm:validator@13.9.0/lib/isWhitelisted!cjs": "78d7e97724ed42214702a1fa3141699d25ce39695d0d19025ddad9144d3d9e36",
    "https://dev.jspm.io/npm:validator@13.9.0/lib/ltrim!cjs": "1cb06ee2b162e6e3357dc82313a1c4fd05b1191e1c26f71f63ff22fae79042cf",
    "https://dev.jspm.io/npm:validator@13.9.0/lib/matches!cjs": "a481b1974761c34d353fac2ad6529b3baddb8cf6286133d522209a5378ea7a09",
    "https://dev.jspm.io/npm:validator@13.9.0/lib/normalizeEmail!cjs": "1dc52560806aa33eb9f86094f7d881361c1d8e6f4f5e1d80bd076ac172200374",
    "https://dev.jspm.io/npm:validator@13.9.0/lib/rtrim!cjs": "474577f0adcdbf87c2e3e9d77b87e31ba4ff211aff8f003bcff8df66d707641a",
    "https://dev.jspm.io/npm:validator@13.9.0/lib/stripLow!cjs": "a56fa1d33f11d4b12b32493bc7094779fe73df0a9c224ad22cb5d68f59ca65cd",
    "https://dev.jspm.io/npm:validator@13.9.0/lib/toBoolean!cjs": "fe7d19be88fc5ea5e1356c3c4fb22eee795ddcd3d8ef746f094d196740cd230a",
    "https://dev.jspm.io/npm:validator@13.9.0/lib/toDate!cjs": "9ba6e14dff4c04855728438e969fb707a40fe6ba0a24cebdfc13094469975c46",
    "https://dev.jspm.io/npm:validator@13.9.0/lib/toFloat!cjs": "744b57afdbfec339109d901fb7a2335b4d109df6d79eed8d455eb58cedd01f2c",
    "https://dev.jspm.io/npm:validator@13.9.0/lib/toInt!cjs": "1a0ea47915e21e6fd4da4417556b8abaa282db959d772c343d3e6a203f4d9fa4",
    "https://dev.jspm.io/npm:validator@13.9.0/lib/trim!cjs": "3eef95e49d75da4fde218aa95505967109e437e3776b3f44433dfd04e968b8cc",
    "https://dev.jspm.io/npm:validator@13.9.0/lib/unescape!cjs": "414ebd0d2baa1a99b2db9f835d1708a0d732ed39f727a40d3984ddd776bf2785",
    "https://dev.jspm.io/npm:validator@13.9.0/lib/util/assertString!cjs": "9d37259d02483f343b74a18870954f512980191ce479570f6af2aa461c4f8605",
    "https://dev.jspm.io/npm:validator@13.9.0/lib/whitelist!cjs": "8a37fdbc7cc8513d99d2d7161aee3fe767e825a6edbe9f1f21d56aad8a66a44e",
    "https://dev.jspm.io/npm:z-schema@5!cjs": "02a87a6da0121b3a34e3648b1e979c8737ebe7a3be68adf6d896abbc7ff982d2",
    "https://dev.jspm.io/npm:z-schema@5.0.6!cjs": "cca8b1a3111e78b72ad84a27da9841fe8d1c1354804369656d72af06172d9d44",
    "https://dev.jspm.io/npm:z-schema@5.0.6/_/8b8f5752.js": "87cdf3f2a003e6292830c014efdf81c06e9419ff3b12fbad40476bd6852d2f19",
    "https://dev.jspm.io/npm:z-schema@5.0.6/_/b0a22c2f.js": "285e2783bf4dd9a2a5b3997e7c2ad868ff5e64419086749abd14634b554e6adb",
    "https://dev.jspm.io/swagger-parser": "10bc2ce6adabe170e4fd3dfd460c1c0081776ad0ab3246e3ea8da905ac71cecd"
  }
}
